// !$*UTF8*$!
{
	archiveVersion = 1;
	classes = {
	};
	objectVersion = 56;
	objects = {

/* Begin PBXBuildFile section */
		394B4959296CCAD300E2F8E4 /* MirageApp.swift in Sources */ = {isa = PBXBuildFile; fileRef = 394B4958296CCAD300E2F8E4 /* MirageApp.swift */; };
		394B495B296CCAD300E2F8E4 /* ContentView.swift in Sources */ = {isa = PBXBuildFile; fileRef = 394B495A296CCAD300E2F8E4 /* ContentView.swift */; };
		394B495D296CCAD400E2F8E4 /* Assets.xcassets in Resources */ = {isa = PBXBuildFile; fileRef = 394B495C296CCAD400E2F8E4 /* Assets.xcassets */; };
		394B4960296CCAD400E2F8E4 /* Preview Assets.xcassets in Resources */ = {isa = PBXBuildFile; fileRef = 394B495F296CCAD400E2F8E4 /* Preview Assets.xcassets */; };
		394B496A296CCAD400E2F8E4 /* MirageTests.swift in Sources */ = {isa = PBXBuildFile; fileRef = 394B4969296CCAD400E2F8E4 /* MirageTests.swift */; };
		394B4974296CCAD400E2F8E4 /* MirageUITests.swift in Sources */ = {isa = PBXBuildFile; fileRef = 394B4973296CCAD400E2F8E4 /* MirageUITests.swift */; };
		394B4976296CCAD400E2F8E4 /* MirageUITestsLaunchTests.swift in Sources */ = {isa = PBXBuildFile; fileRef = 394B4975296CCAD400E2F8E4 /* MirageUITestsLaunchTests.swift */; };
/* End PBXBuildFile section */

/* Begin PBXContainerItemProxy section */
		394B4966296CCAD400E2F8E4 /* PBXContainerItemProxy */ = {
			isa = PBXContainerItemProxy;
			containerPortal = 394B494D296CCAD300E2F8E4 /* Project object */;
			proxyType = 1;
			remoteGlobalIDString = 394B4954296CCAD300E2F8E4;
			remoteInfo = Mirage;
		};
		394B4970296CCAD400E2F8E4 /* PBXContainerItemProxy */ = {
			isa = PBXContainerItemProxy;
			containerPortal = 394B494D296CCAD300E2F8E4 /* Project object */;
			proxyType = 1;
			remoteGlobalIDString = 394B4954296CCAD300E2F8E4;
			remoteInfo = Mirage;
		};
/* End PBXContainerItemProxy section */

/* Begin PBXFileReference section */
		394B4955296CCAD300E2F8E4 /* Mirage.app */ = {isa = PBXFileReference; explicitFileType = wrapper.application; includeInIndex = 0; path = Mirage.app; sourceTree = BUILT_PRODUCTS_DIR; };
		394B4958296CCAD300E2F8E4 /* MirageApp.swift */ = {isa = PBXFileReference; lastKnownFileType = sourcecode.swift; path = MirageApp.swift; sourceTree = "<group>"; };
		394B495A296CCAD300E2F8E4 /* ContentView.swift */ = {isa = PBXFileReference; lastKnownFileType = sourcecode.swift; path = ContentView.swift; sourceTree = "<group>"; };
		394B495C296CCAD400E2F8E4 /* Assets.xcassets */ = {isa = PBXFileReference; lastKnownFileType = folder.assetcatalog; path = Assets.xcassets; sourceTree = "<group>"; };
		394B495F296CCAD400E2F8E4 /* Preview Assets.xcassets */ = {isa = PBXFileReference; lastKnownFileType = folder.assetcatalog; path = "Preview Assets.xcassets"; sourceTree = "<group>"; };
		394B4965296CCAD400E2F8E4 /* MirageTests.xctest */ = {isa = PBXFileReference; explicitFileType = wrapper.cfbundle; includeInIndex = 0; path = MirageTests.xctest; sourceTree = BUILT_PRODUCTS_DIR; };
		394B4969296CCAD400E2F8E4 /* MirageTests.swift */ = {isa = PBXFileReference; lastKnownFileType = sourcecode.swift; path = MirageTests.swift; sourceTree = "<group>"; };
		394B496F296CCAD400E2F8E4 /* MirageUITests.xctest */ = {isa = PBXFileReference; explicitFileType = wrapper.cfbundle; includeInIndex = 0; path = MirageUITests.xctest; sourceTree = BUILT_PRODUCTS_DIR; };
		394B4973296CCAD400E2F8E4 /* MirageUITests.swift */ = {isa = PBXFileReference; lastKnownFileType = sourcecode.swift; path = MirageUITests.swift; sourceTree = "<group>"; };
		394B4975296CCAD400E2F8E4 /* MirageUITestsLaunchTests.swift */ = {isa = PBXFileReference; lastKnownFileType = sourcecode.swift; path = MirageUITestsLaunchTests.swift; sourceTree = "<group>"; };
/* End PBXFileReference section */

/* Begin PBXFrameworksBuildPhase section */
		394B4952296CCAD300E2F8E4 /* Frameworks */ = {
			isa = PBXFrameworksBuildPhase;
			buildActionMask = 2147483647;
			files = (
			);
			runOnlyForDeploymentPostprocessing = 0;
		};
		394B4962296CCAD400E2F8E4 /* Frameworks */ = {
			isa = PBXFrameworksBuildPhase;
			buildActionMask = 2147483647;
			files = (
			);
			runOnlyForDeploymentPostprocessing = 0;
		};
		394B496C296CCAD400E2F8E4 /* Frameworks */ = {
			isa = PBXFrameworksBuildPhase;
			buildActionMask = 2147483647;
			files = (
			);
			runOnlyForDeploymentPostprocessing = 0;
		};
/* End PBXFrameworksBuildPhase section */

/* Begin PBXGroup section */
		394B494C296CCAD300E2F8E4 = {
			isa = PBXGroup;
			children = (
				394B4957296CCAD300E2F8E4 /* Mirage */,
				394B4968296CCAD400E2F8E4 /* MirageTests */,
				394B4972296CCAD400E2F8E4 /* MirageUITests */,
				394B4956296CCAD300E2F8E4 /* Products */,
			);
			sourceTree = "<group>";
		};
		394B4956296CCAD300E2F8E4 /* Products */ = {
			isa = PBXGroup;
			children = (
				394B4955296CCAD300E2F8E4 /* Mirage.app */,
				394B4965296CCAD400E2F8E4 /* MirageTests.xctest */,
				394B496F296CCAD400E2F8E4 /* MirageUITests.xctest */,
			);
			name = Products;
			sourceTree = "<group>";
		};
		394B4957296CCAD300E2F8E4 /* Mirage */ = {
			isa = PBXGroup;
			children = (
				394B4958296CCAD300E2F8E4 /* MirageApp.swift */,
				394B495A296CCAD300E2F8E4 /* ContentView.swift */,
				394B495C296CCAD400E2F8E4 /* Assets.xcassets */,
				394B495E296CCAD400E2F8E4 /* Preview Content */,
			);
			path = Mirage;
			sourceTree = "<group>";
		};
		394B495E296CCAD400E2F8E4 /* Preview Content */ = {
			isa = PBXGroup;
			children = (
				394B495F296CCAD400E2F8E4 /* Preview Assets.xcassets */,
			);
			path = "Preview Content";
			sourceTree = "<group>";
		};
		394B4968296CCAD400E2F8E4 /* MirageTests */ = {
			isa = PBXGroup;
			children = (
				394B4969296CCAD400E2F8E4 /* MirageTests.swift */,
			);
			path = MirageTests;
			sourceTree = "<group>";
		};
		394B4972296CCAD400E2F8E4 /* MirageUITests */ = {
			isa = PBXGroup;
			children = (
				394B4973296CCAD400E2F8E4 /* MirageUITests.swift */,
				394B4975296CCAD400E2F8E4 /* MirageUITestsLaunchTests.swift */,
			);
			path = MirageUITests;
			sourceTree = "<group>";
		};
/* End PBXGroup section */

/* Begin PBXNativeTarget section */
		394B4954296CCAD300E2F8E4 /* Mirage */ = {
			isa = PBXNativeTarget;
			buildConfigurationList = 394B4979296CCAD400E2F8E4 /* Build configuration list for PBXNativeTarget "Mirage" */;
			buildPhases = (
				394B4951296CCAD300E2F8E4 /* Sources */,
				394B4952296CCAD300E2F8E4 /* Frameworks */,
				394B4953296CCAD300E2F8E4 /* Resources */,
			);
			buildRules = (
			);
			dependencies = (
			);
			name = Mirage;
			productName = Mirage;
			productReference = 394B4955296CCAD300E2F8E4 /* Mirage.app */;
			productType = "com.apple.product-type.application";
		};
		394B4964296CCAD400E2F8E4 /* MirageTests */ = {
			isa = PBXNativeTarget;
			buildConfigurationList = 394B497C296CCAD400E2F8E4 /* Build configuration list for PBXNativeTarget "MirageTests" */;
			buildPhases = (
				394B4961296CCAD400E2F8E4 /* Sources */,
				394B4962296CCAD400E2F8E4 /* Frameworks */,
				394B4963296CCAD400E2F8E4 /* Resources */,
			);
			buildRules = (
			);
			dependencies = (
				394B4967296CCAD400E2F8E4 /* PBXTargetDependency */,
			);
			name = MirageTests;
			productName = MirageTests;
			productReference = 394B4965296CCAD400E2F8E4 /* MirageTests.xctest */;
			productType = "com.apple.product-type.bundle.unit-test";
		};
		394B496E296CCAD400E2F8E4 /* MirageUITests */ = {
			isa = PBXNativeTarget;
			buildConfigurationList = 394B497F296CCAD400E2F8E4 /* Build configuration list for PBXNativeTarget "MirageUITests" */;
			buildPhases = (
				394B496B296CCAD400E2F8E4 /* Sources */,
				394B496C296CCAD400E2F8E4 /* Frameworks */,
				394B496D296CCAD400E2F8E4 /* Resources */,
			);
			buildRules = (
			);
			dependencies = (
				394B4971296CCAD400E2F8E4 /* PBXTargetDependency */,
			);
			name = MirageUITests;
			productName = MirageUITests;
			productReference = 394B496F296CCAD400E2F8E4 /* MirageUITests.xctest */;
			productType = "com.apple.product-type.bundle.ui-testing";
		};
/* End PBXNativeTarget section */

/* Begin PBXProject section */
		394B494D296CCAD300E2F8E4 /* Project object */ = {
			isa = PBXProject;
			attributes = {
				BuildIndependentTargetsInParallel = 1;
				LastSwiftUpdateCheck = 1410;
				LastUpgradeCheck = 1410;
				TargetAttributes = {
					394B4954296CCAD300E2F8E4 = {
						CreatedOnToolsVersion = 14.1;
					};
					394B4964296CCAD400E2F8E4 = {
						CreatedOnToolsVersion = 14.1;
						TestTargetID = 394B4954296CCAD300E2F8E4;
					};
					394B496E296CCAD400E2F8E4 = {
						CreatedOnToolsVersion = 14.1;
						TestTargetID = 394B4954296CCAD300E2F8E4;
					};
				};
			};
			buildConfigurationList = 394B4950296CCAD300E2F8E4 /* Build configuration list for PBXProject "Mirage" */;
			compatibilityVersion = "Xcode 14.0";
			developmentRegion = en;
			hasScannedForEncodings = 0;
			knownRegions = (
				en,
				Base,
			);
			mainGroup = 394B494C296CCAD300E2F8E4;
			productRefGroup = 394B4956296CCAD300E2F8E4 /* Products */;
			projectDirPath = "";
			projectRoot = "";
			targets = (
				394B4954296CCAD300E2F8E4 /* Mirage */,
				394B4964296CCAD400E2F8E4 /* MirageTests */,
				394B496E296CCAD400E2F8E4 /* MirageUITests */,
			);
		};
/* End PBXProject section */

/* Begin PBXResourcesBuildPhase section */
		394B4953296CCAD300E2F8E4 /* Resources */ = {
			isa = PBXResourcesBuildPhase;
			buildActionMask = 2147483647;
			files = (
				394B4960296CCAD400E2F8E4 /* Preview Assets.xcassets in Resources */,
				394B495D296CCAD400E2F8E4 /* Assets.xcassets in Resources */,
			);
			runOnlyForDeploymentPostprocessing = 0;
		};
		394B4963296CCAD400E2F8E4 /* Resources */ = {
			isa = PBXResourcesBuildPhase;
			buildActionMask = 2147483647;
			files = (
			);
			runOnlyForDeploymentPostprocessing = 0;
		};
		394B496D296CCAD400E2F8E4 /* Resources */ = {
			isa = PBXResourcesBuildPhase;
			buildActionMask = 2147483647;
			files = (
			);
			runOnlyForDeploymentPostprocessing = 0;
		};
/* End PBXResourcesBuildPhase section */

/* Begin PBXSourcesBuildPhase section */
		394B4951296CCAD300E2F8E4 /* Sources */ = {
			isa = PBXSourcesBuildPhase;
			buildActionMask = 2147483647;
			files = (
				394B495B296CCAD300E2F8E4 /* ContentView.swift in Sources */,
				394B4959296CCAD300E2F8E4 /* MirageApp.swift in Sources */,
			);
			runOnlyForDeploymentPostprocessing = 0;
		};
		394B4961296CCAD400E2F8E4 /* Sources */ = {
			isa = PBXSourcesBuildPhase;
			buildActionMask = 2147483647;
			files = (
				394B496A296CCAD400E2F8E4 /* MirageTests.swift in Sources */,
			);
			runOnlyForDeploymentPostprocessing = 0;
		};
		394B496B296CCAD400E2F8E4 /* Sources */ = {
			isa = PBXSourcesBuildPhase;
			buildActionMask = 2147483647;
			files = (
				394B4974296CCAD400E2F8E4 /* MirageUITests.swift in Sources */,
				394B4976296CCAD400E2F8E4 /* MirageUITestsLaunchTests.swift in Sources */,
			);
			runOnlyForDeploymentPostprocessing = 0;
		};
/* End PBXSourcesBuildPhase section */

/* Begin PBXTargetDependency section */
		394B4967296CCAD400E2F8E4 /* PBXTargetDependency */ = {
			isa = PBXTargetDependency;
			target = 394B4954296CCAD300E2F8E4 /* Mirage */;
			targetProxy = 394B4966296CCAD400E2F8E4 /* PBXContainerItemProxy */;
		};
		394B4971296CCAD400E2F8E4 /* PBXTargetDependency */ = {
			isa = PBXTargetDependency;
			target = 394B4954296CCAD300E2F8E4 /* Mirage */;
			targetProxy = 394B4970296CCAD400E2F8E4 /* PBXContainerItemProxy */;
		};
/* End PBXTargetDependency section */

/* Begin XCBuildConfiguration section */
		394B4977296CCAD400E2F8E4 /* Debug */ = {
			isa = XCBuildConfiguration;
			buildSettings = {
				ALWAYS_SEARCH_USER_PATHS = NO;
				CLANG_ANALYZER_NONNULL = YES;
				CLANG_ANALYZER_NUMBER_OBJECT_CONVERSION = YES_AGGRESSIVE;
				CLANG_CXX_LANGUAGE_STANDARD = "gnu++20";
				CLANG_ENABLE_MODULES = YES;
				CLANG_ENABLE_OBJC_ARC = YES;
				CLANG_ENABLE_OBJC_WEAK = YES;
				CLANG_WARN_BLOCK_CAPTURE_AUTORELEASING = YES;
				CLANG_WARN_BOOL_CONVERSION = YES;
				CLANG_WARN_COMMA = YES;
				CLANG_WARN_CONSTANT_CONVERSION = YES;
				CLANG_WARN_DEPRECATED_OBJC_IMPLEMENTATIONS = YES;
				CLANG_WARN_DIRECT_OBJC_ISA_USAGE = YES_ERROR;
				CLANG_WARN_DOCUMENTATION_COMMENTS = YES;
				CLANG_WARN_EMPTY_BODY = YES;
				CLANG_WARN_ENUM_CONVERSION = YES;
				CLANG_WARN_INFINITE_RECURSION = YES;
				CLANG_WARN_INT_CONVERSION = YES;
				CLANG_WARN_NON_LITERAL_NULL_CONVERSION = YES;
				CLANG_WARN_OBJC_IMPLICIT_RETAIN_SELF = YES;
				CLANG_WARN_OBJC_LITERAL_CONVERSION = YES;
				CLANG_WARN_OBJC_ROOT_CLASS = YES_ERROR;
				CLANG_WARN_QUOTED_INCLUDE_IN_FRAMEWORK_HEADER = YES;
				CLANG_WARN_RANGE_LOOP_ANALYSIS = YES;
				CLANG_WARN_STRICT_PROTOTYPES = YES;
				CLANG_WARN_SUSPICIOUS_MOVE = YES;
				CLANG_WARN_UNGUARDED_AVAILABILITY = YES_AGGRESSIVE;
				CLANG_WARN_UNREACHABLE_CODE = YES;
				CLANG_WARN__DUPLICATE_METHOD_MATCH = YES;
				COPY_PHASE_STRIP = NO;
				DEBUG_INFORMATION_FORMAT = dwarf;
				ENABLE_STRICT_OBJC_MSGSEND = YES;
				ENABLE_TESTABILITY = YES;
				GCC_C_LANGUAGE_STANDARD = gnu11;
				GCC_DYNAMIC_NO_PIC = NO;
				GCC_NO_COMMON_BLOCKS = YES;
				GCC_OPTIMIZATION_LEVEL = 0;
				GCC_PREPROCESSOR_DEFINITIONS = (
					"DEBUG=1",
					"$(inherited)",
				);
				GCC_WARN_64_TO_32_BIT_CONVERSION = YES;
				GCC_WARN_ABOUT_RETURN_TYPE = YES_ERROR;
				GCC_WARN_UNDECLARED_SELECTOR = YES;
				GCC_WARN_UNINITIALIZED_AUTOS = YES_AGGRESSIVE;
				GCC_WARN_UNUSED_FUNCTION = YES;
				GCC_WARN_UNUSED_VARIABLE = YES;
				IPHONEOS_DEPLOYMENT_TARGET = 16.1;
				MTL_ENABLE_DEBUG_INFO = INCLUDE_SOURCE;
				MTL_FAST_MATH = YES;
				ONLY_ACTIVE_ARCH = YES;
				SDKROOT = iphoneos;
				SWIFT_ACTIVE_COMPILATION_CONDITIONS = DEBUG;
				SWIFT_OPTIMIZATION_LEVEL = "-Onone";
			};
			name = Debug;
		};
		394B4978296CCAD400E2F8E4 /* Release */ = {
			isa = XCBuildConfiguration;
			buildSettings = {
				ALWAYS_SEARCH_USER_PATHS = NO;
				CLANG_ANALYZER_NONNULL = YES;
				CLANG_ANALYZER_NUMBER_OBJECT_CONVERSION = YES_AGGRESSIVE;
				CLANG_CXX_LANGUAGE_STANDARD = "gnu++20";
				CLANG_ENABLE_MODULES = YES;
				CLANG_ENABLE_OBJC_ARC = YES;
				CLANG_ENABLE_OBJC_WEAK = YES;
				CLANG_WARN_BLOCK_CAPTURE_AUTORELEASING = YES;
				CLANG_WARN_BOOL_CONVERSION = YES;
				CLANG_WARN_COMMA = YES;
				CLANG_WARN_CONSTANT_CONVERSION = YES;
				CLANG_WARN_DEPRECATED_OBJC_IMPLEMENTATIONS = YES;
				CLANG_WARN_DIRECT_OBJC_ISA_USAGE = YES_ERROR;
				CLANG_WARN_DOCUMENTATION_COMMENTS = YES;
				CLANG_WARN_EMPTY_BODY = YES;
				CLANG_WARN_ENUM_CONVERSION = YES;
				CLANG_WARN_INFINITE_RECURSION = YES;
				CLANG_WARN_INT_CONVERSION = YES;
				CLANG_WARN_NON_LITERAL_NULL_CONVERSION = YES;
				CLANG_WARN_OBJC_IMPLICIT_RETAIN_SELF = YES;
				CLANG_WARN_OBJC_LITERAL_CONVERSION = YES;
				CLANG_WARN_OBJC_ROOT_CLASS = YES_ERROR;
				CLANG_WARN_QUOTED_INCLUDE_IN_FRAMEWORK_HEADER = YES;
				CLANG_WARN_RANGE_LOOP_ANALYSIS = YES;
				CLANG_WARN_STRICT_PROTOTYPES = YES;
				CLANG_WARN_SUSPICIOUS_MOVE = YES;
				CLANG_WARN_UNGUARDED_AVAILABILITY = YES_AGGRESSIVE;
				CLANG_WARN_UNREACHABLE_CODE = YES;
				CLANG_WARN__DUPLICATE_METHOD_MATCH = YES;
				COPY_PHASE_STRIP = NO;
				DEBUG_INFORMATION_FORMAT = "dwarf-with-dsym";
				ENABLE_NS_ASSERTIONS = NO;
				ENABLE_STRICT_OBJC_MSGSEND = YES;
				GCC_C_LANGUAGE_STANDARD = gnu11;
				GCC_NO_COMMON_BLOCKS = YES;
				GCC_WARN_64_TO_32_BIT_CONVERSION = YES;
				GCC_WARN_ABOUT_RETURN_TYPE = YES_ERROR;
				GCC_WARN_UNDECLARED_SELECTOR = YES;
				GCC_WARN_UNINITIALIZED_AUTOS = YES_AGGRESSIVE;
				GCC_WARN_UNUSED_FUNCTION = YES;
				GCC_WARN_UNUSED_VARIABLE = YES;
				IPHONEOS_DEPLOYMENT_TARGET = 16.1;
				MTL_ENABLE_DEBUG_INFO = NO;
				MTL_FAST_MATH = YES;
				SDKROOT = iphoneos;
				SWIFT_COMPILATION_MODE = wholemodule;
				SWIFT_OPTIMIZATION_LEVEL = "-O";
				VALIDATE_PRODUCT = YES;
			};
			name = Release;
		};
		394B497A296CCAD400E2F8E4 /* Debug */ = {
			isa = XCBuildConfiguration;
			buildSettings = {
				ASSETCATALOG_COMPILER_APPICON_NAME = AppIcon;
				ASSETCATALOG_COMPILER_GLOBAL_ACCENT_COLOR_NAME = AccentColor;
				CODE_SIGN_STYLE = Automatic;
				CURRENT_PROJECT_VERSION = 1;
				DEVELOPMENT_ASSET_PATHS = "\"Mirage/Preview Content\"";
				DEVELOPMENT_TEAM = DE2XWR7FHY;
				ENABLE_PREVIEWS = YES;
				GENERATE_INFOPLIST_FILE = YES;
				INFOPLIST_KEY_UIApplicationSceneManifest_Generation = YES;
				INFOPLIST_KEY_UIApplicationSupportsIndirectInputEvents = YES;
				INFOPLIST_KEY_UILaunchScreen_Generation = YES;
				INFOPLIST_KEY_UISupportedInterfaceOrientations_iPad = "UIInterfaceOrientationPortrait UIInterfaceOrientationPortraitUpsideDown UIInterfaceOrientationLandscapeLeft UIInterfaceOrientationLandscapeRight";
				INFOPLIST_KEY_UISupportedInterfaceOrientations_iPhone = "UIInterfaceOrientationPortrait UIInterfaceOrientationLandscapeLeft UIInterfaceOrientationLandscapeRight";
				LD_RUNPATH_SEARCH_PATHS = (
					"$(inherited)",
					"@executable_path/Frameworks",
				);
				MARKETING_VERSION = 1.0;
				PRODUCT_BUNDLE_IDENTIFIER = com.fiigmnt.Mirage;
				PRODUCT_NAME = "$(TARGET_NAME)";
				SWIFT_EMIT_LOC_STRINGS = YES;
				SWIFT_VERSION = 5.0;
				TARGETED_DEVICE_FAMILY = "1,2";
			};
			name = Debug;
		};
		394B497B296CCAD400E2F8E4 /* Release */ = {
			isa = XCBuildConfiguration;
			buildSettings = {
				ASSETCATALOG_COMPILER_APPICON_NAME = AppIcon;
				ASSETCATALOG_COMPILER_GLOBAL_ACCENT_COLOR_NAME = AccentColor;
				CODE_SIGN_STYLE = Automatic;
				CURRENT_PROJECT_VERSION = 1;
				DEVELOPMENT_ASSET_PATHS = "\"Mirage/Preview Content\"";
				DEVELOPMENT_TEAM = DE2XWR7FHY;
				ENABLE_PREVIEWS = YES;
				GENERATE_INFOPLIST_FILE = YES;
				INFOPLIST_KEY_UIApplicationSceneManifest_Generation = YES;
				INFOPLIST_KEY_UIApplicationSupportsIndirectInputEvents = YES;
				INFOPLIST_KEY_UILaunchScreen_Generation = YES;
				INFOPLIST_KEY_UISupportedInterfaceOrientations_iPad = "UIInterfaceOrientationPortrait UIInterfaceOrientationPortraitUpsideDown UIInterfaceOrientationLandscapeLeft UIInterfaceOrientationLandscapeRight";
				INFOPLIST_KEY_UISupportedInterfaceOrientations_iPhone = "UIInterfaceOrientationPortrait UIInterfaceOrientationLandscapeLeft UIInterfaceOrientationLandscapeRight";
				LD_RUNPATH_SEARCH_PATHS = (
					"$(inherited)",
					"@executable_path/Frameworks",
				);
				MARKETING_VERSION = 1.0;
				PRODUCT_BUNDLE_IDENTIFIER = com.fiigmnt.Mirage;
				PRODUCT_NAME = "$(TARGET_NAME)";
				SWIFT_EMIT_LOC_STRINGS = YES;
				SWIFT_VERSION = 5.0;
				TARGETED_DEVICE_FAMILY = "1,2";
			};
			name = Release;
		};
		394B497D296CCAD400E2F8E4 /* Debug */ = {
			isa = XCBuildConfiguration;
			buildSettings = {
				ALWAYS_EMBED_SWIFT_STANDARD_LIBRARIES = YES;
				BUNDLE_LOADER = "$(TEST_HOST)";
				CODE_SIGN_STYLE = Automatic;
				CURRENT_PROJECT_VERSION = 1;
				DEVELOPMENT_TEAM = DE2XWR7FHY;
				GENERATE_INFOPLIST_FILE = YES;
				IPHONEOS_DEPLOYMENT_TARGET = 16.1;
				MARKETING_VERSION = 1.0;
				PRODUCT_BUNDLE_IDENTIFIER = com.fiigmnt.MirageTests;
				PRODUCT_NAME = "$(TARGET_NAME)";
				SWIFT_EMIT_LOC_STRINGS = NO;
				SWIFT_VERSION = 5.0;
				TARGETED_DEVICE_FAMILY = "1,2";
				TEST_HOST = "$(BUILT_PRODUCTS_DIR)/Mirage.app/$(BUNDLE_EXECUTABLE_FOLDER_PATH)/Mirage";
			};
			name = Debug;
		};
		394B497E296CCAD400E2F8E4 /* Release */ = {
			isa = XCBuildConfiguration;
			buildSettings = {
				ALWAYS_EMBED_SWIFT_STANDARD_LIBRARIES = YES;
				BUNDLE_LOADER = "$(TEST_HOST)";
				CODE_SIGN_STYLE = Automatic;
				CURRENT_PROJECT_VERSION = 1;
				DEVELOPMENT_TEAM = DE2XWR7FHY;
				GENERATE_INFOPLIST_FILE = YES;
				IPHONEOS_DEPLOYMENT_TARGET = 16.1;
				MARKETING_VERSION = 1.0;
				PRODUCT_BUNDLE_IDENTIFIER = com.fiigmnt.MirageTests;
				PRODUCT_NAME = "$(TARGET_NAME)";
				SWIFT_EMIT_LOC_STRINGS = NO;
				SWIFT_VERSION = 5.0;
				TARGETED_DEVICE_FAMILY = "1,2";
				TEST_HOST = "$(BUILT_PRODUCTS_DIR)/Mirage.app/$(BUNDLE_EXECUTABLE_FOLDER_PATH)/Mirage";
			};
			name = Release;
		};
		394B4980296CCAD400E2F8E4 /* Debug */ = {
			isa = XCBuildConfiguration;
			buildSettings = {
				ALWAYS_EMBED_SWIFT_STANDARD_LIBRARIES = YES;
				CODE_SIGN_STYLE = Automatic;
				CURRENT_PROJECT_VERSION = 1;
				DEVELOPMENT_TEAM = DE2XWR7FHY;
				GENERATE_INFOPLIST_FILE = YES;
				MARKETING_VERSION = 1.0;
				PRODUCT_BUNDLE_IDENTIFIER = com.fiigmnt.MirageUITests;
				PRODUCT_NAME = "$(TARGET_NAME)";
				SWIFT_EMIT_LOC_STRINGS = NO;
				SWIFT_VERSION = 5.0;
				TARGETED_DEVICE_FAMILY = "1,2";
				TEST_TARGET_NAME = Mirage;
			};
			name = Debug;
		};
		394B4981296CCAD400E2F8E4 /* Release */ = {
			isa = XCBuildConfiguration;
			buildSettings = {
				ALWAYS_EMBED_SWIFT_STANDARD_LIBRARIES = YES;
				CODE_SIGN_STYLE = Automatic;
				CURRENT_PROJECT_VERSION = 1;
				DEVELOPMENT_TEAM = DE2XWR7FHY;
				GENERATE_INFOPLIST_FILE = YES;
				MARKETING_VERSION = 1.0;
				PRODUCT_BUNDLE_IDENTIFIER = com.fiigmnt.MirageUITests;
				PRODUCT_NAME = "$(TARGET_NAME)";
				SWIFT_EMIT_LOC_STRINGS = NO;
				SWIFT_VERSION = 5.0;
				TARGETED_DEVICE_FAMILY = "1,2";
				TEST_TARGET_NAME = Mirage;
			};
			name = Release;
		};
/* End XCBuildConfiguration section */

/* Begin XCConfigurationList section */
		394B4950296CCAD300E2F8E4 /* Build configuration list for PBXProject "Mirage" */ = {
			isa = XCConfigurationList;
			buildConfigurations = (
				394B4977296CCAD400E2F8E4 /* Debug */,
				394B4978296CCAD400E2F8E4 /* Release */,
			);
			defaultConfigurationIsVisible = 0;
			defaultConfigurationName = Release;
		};
		394B4979296CCAD400E2F8E4 /* Build configuration list for PBXNativeTarget "Mirage" */ = {
			isa = XCConfigurationList;
			buildConfigurations = (
				394B497A296CCAD400E2F8E4 /* Debug */,
				394B497B296CCAD400E2F8E4 /* Release */,
			);
			defaultConfigurationIsVisible = 0;
			defaultConfigurationName = Release;
		};
		394B497C296CCAD400E2F8E4 /* Build configuration list for PBXNativeTarget "MirageTests" */ = {
			isa = XCConfigurationList;
			buildConfigurations = (
				394B497D296CCAD400E2F8E4 /* Debug */,
				394B497E296CCAD400E2F8E4 /* Release */,
			);
			defaultConfigurationIsVisible = 0;
			defaultConfigurationName = Release;
		};
		394B497F296CCAD400E2F8E4 /* Build configuration list for PBXNativeTarget "MirageUITests" */ = {
			isa = XCConfigurationList;
			buildConfigurations = (
				394B4980296CCAD400E2F8E4 /* Debug */,
				394B4981296CCAD400E2F8E4 /* Release */,
			);
			defaultConfigurationIsVisible = 0;
			defaultConfigurationName = Release;
		};
/* End XCConfigurationList section */
	};
	rootObject = 394B494D296CCAD300E2F8E4 /* Project object */;
}
